
Microsoft Visual Studio Solution File, Format Version 12.00
# Visual Studio Version 17
VisualStudioVersion = 17.14.36414.22
MinimumVisualStudioVersion = 10.0.40219.1
Project("{FAE04EC0-301F-11D3-BF4B-00C04F79EFBC}") = "EasySmhiRestApi", "EasySmhiRestApi\EasySmhiRestApi.csproj", "{31246CB0-3CA0-A284-3674-EB7815F26A3C}"
EndProject
Project("{FAE04EC0-301F-11D3-BF4B-00C04F79EFBC}") = "EasySmhiRestApi.tests", "EasySmhiRestApi.tests\EasySmhiRestApi.tests.csproj", "{31E46040-CED4-6FBF-7F39-1F13E0793FFD}"
EndProject
Global
	GlobalSection(SolutionConfigurationPlatforms) = preSolution
		Debug|Any CPU = Debug|Any CPU
		Release|Any CPU = Release|Any CPU
	EndGlobalSection
	GlobalSection(ProjectConfigurationPlatforms) = postSolution
		{31246CB0-3CA0-A284-3674-EB7815F26A3C}.Debug|Any CPU.ActiveCfg = Debug|Any CPU
		{31246CB0-3CA0-A284-3674-EB7815F26A3C}.Debug|Any CPU.Build.0 = Debug|Any CPU
		{31246CB0-3CA0-A284-3674-EB7815F26A3C}.Release|Any CPU.ActiveCfg = Release|Any CPU
		{31246CB0-3CA0-A284-3674-EB7815F26A3C}.Release|Any CPU.Build.0 = Release|Any CPU
		{31E46040-CED4-6FBF-7F39-1F13E0793FFD}.Debug|Any CPU.ActiveCfg = Debug|Any CPU
		{31E46040-CED4-6FBF-7F39-1F13E0793FFD}.Debug|Any CPU.Build.0 = Debug|Any CPU
		{31E46040-CED4-6FBF-7F39-1F13E0793FFD}.Release|Any CPU.ActiveCfg = Release|Any CPU
		{31E46040-CED4-6FBF-7F39-1F13E0793FFD}.Release|Any CPU.Build.0 = Release|Any CPU
	EndGlobalSection
	GlobalSection(SolutionProperties) = preSolution
		HideSolutionNode = FALSE
	EndGlobalSection
	GlobalSection(ExtensibilityGlobals) = postSolution
		SolutionGuid = {E9424D58-73EE-448D-88A5-0E777CBBF1F7}
	EndGlobalSection
EndGlobal
